
Microsoft Visual Studio Solution File, Format Version 12.00
# Visual Studio 15
VisualStudioVersion = 15.0.28010.2048
MinimumVisualStudioVersion = 10.0.40219.1
Project("{9A19103F-16F7-4668-BE54-9A1E7A4F7556}") = "Employees.Core", "Employees.Core\Employees.Core.csproj", "{64E61992-B08D-4BDF-A619-726C91F0094E}"
EndProject
Project("{9A19103F-16F7-4668-BE54-9A1E7A4F7556}") = "Employees.Tests", "Employees.Tests\Employees.Tests.csproj", "{DBE52A6A-2FBE-4CB7-B887-0C81520D640B}"
EndProject
Project("{2150E333-8FDC-42A3-9474-1A3956D46DE8}") = "Solution Items", "Solution Items", "{2821A54C-DFF5-433F-B68B-E1669D00CC74}"
	ProjectSection(SolutionItems) = preProject
		description.md = description.md
		README.md = README.md
	EndProjectSection
EndProject
Global
	GlobalSection(SolutionConfigurationPlatforms) = preSolution
		Debug|Any CPU = Debug|Any CPU
		Release|Any CPU = Release|Any CPU
	EndGlobalSection
	GlobalSection(ProjectConfigurationPlatforms) = postSolution
		{64E61992-B08D-4BDF-A619-726C91F0094E}.Debug|Any CPU.ActiveCfg = Debug|Any CPU
		{64E61992-B08D-4BDF-A619-726C91F0094E}.Debug|Any CPU.Build.0 = Debug|Any CPU
		{64E61992-B08D-4BDF-A619-726C91F0094E}.Release|Any CPU.ActiveCfg = Release|Any CPU
		{64E61992-B08D-4BDF-A619-726C91F0094E}.Release|Any CPU.Build.0 = Release|Any CPU
		{DBE52A6A-2FBE-4CB7-B887-0C81520D640B}.Debug|Any CPU.ActiveCfg = Debug|Any CPU
		{DBE52A6A-2FBE-4CB7-B887-0C81520D640B}.Debug|Any CPU.Build.0 = Debug|Any CPU
		{DBE52A6A-2FBE-4CB7-B887-0C81520D640B}.Release|Any CPU.ActiveCfg = Release|Any CPU
		{DBE52A6A-2FBE-4CB7-B887-0C81520D640B}.Release|Any CPU.Build.0 = Release|Any CPU
	EndGlobalSection
	GlobalSection(SolutionProperties) = preSolution
		HideSolutionNode = FALSE
	EndGlobalSection
	GlobalSection(ExtensibilityGlobals) = postSolution
		SolutionGuid = {F5DE4BC0-F3ED-4CCD-BC4E-09EE9BD8CB64}
	EndGlobalSection
EndGlobal
